
Microsoft Visual Studio Solution File, Format Version 12.00
# Visual Studio Version 16
VisualStudioVersion = 16.0.29102.190
MinimumVisualStudioVersion = 10.0.40219.1
Project("{888888A0-9F3D-457C-B088-3A5042F75D52}") = "KnapsackProblem", "KnapsackProblem\KnapsackProblem.pyproj", "{69A25548-BB38-4011-B7D5-11A233CCF3FC}"
EndProject
Global
	GlobalSection(SolutionConfigurationPlatforms) = preSolution
		Debug|Any CPU = Debug|Any CPU
		Release|Any CPU = Release|Any CPU
	EndGlobalSection
	GlobalSection(ProjectConfigurationPlatforms) = postSolution
		{69A25548-BB38-4011-B7D5-11A233CCF3FC}.Debug|Any CPU.ActiveCfg = Debug|Any CPU
		{69A25548-BB38-4011-B7D5-11A233CCF3FC}.Release|Any CPU.ActiveCfg = Release|Any CPU
	EndGlobalSection
	GlobalSection(SolutionProperties) = preSolution
		HideSolutionNode = FALSE
	EndGlobalSection
	GlobalSection(ExtensibilityGlobals) = postSolution
		SolutionGuid = {E7149B18-54E1-4B75-A9B5-157E090F13D1}
	EndGlobalSection
EndGlobal
